
Microsoft Visual Studio Solution File, Format Version 12.00
# Visual Studio Version 17
VisualStudioVersion = 17.11.35222.181
MinimumVisualStudioVersion = 10.0.40219.1
Project("{9A19103F-16F7-4668-BE54-9A1E7A4F7556}") = "View", "src\View\View.csproj", "{6CBDCEAE-4364-487F-9CAB-4203BCCF2519}"
EndProject
Project("{9A19103F-16F7-4668-BE54-9A1E7A4F7556}") = "View.Android", "src\View.Android\View.Android.csproj", "{3AAABE29-0A4E-4A22-9B14-0A5EF69A04BC}"
EndProject
Project("{9A19103F-16F7-4668-BE54-9A1E7A4F7556}") = "View.Desktop", "src\View.Desktop\View.Desktop.csproj", "{9F691794-74D2-4EC9-8FAE-9B05C09BD22B}"
EndProject
Project("{9A19103F-16F7-4668-BE54-9A1E7A4F7556}") = "View.iOS", "src\View.iOS\View.iOS.csproj", "{311F7ECF-FB80-463B-AB85-7D6D05E4ACC7}"
EndProject
Project("{FAE04EC0-301F-11D3-BF4B-00C04F79EFBC}") = "Model", "src\Model\Model.csproj", "{FC5AF858-3095-449D-9442-CF0B536A384A}"
EndProject
Project("{FAE04EC0-301F-11D3-BF4B-00C04F79EFBC}") = "ViewModel", "src\ViewModel\ViewModel.csproj", "{920AD96A-CC79-4AD2-8861-797C82E511A3}"
EndProject
Project("{FAE04EC0-301F-11D3-BF4B-00C04F79EFBC}") = "MachineLearning", "src\MachineLearning\MachineLearning.csproj", "{924540AB-0454-4242-97BC-ACC398828B13}"
EndProject
Project("{2150E333-8FDC-42A3-9474-1A3956D46DE8}") = "src", "src", "{E722A83F-9412-4759-8057-07BE3E56569E}"
EndProject
Project("{2150E333-8FDC-42A3-9474-1A3956D46DE8}") = "tests", "tests", "{8C929736-0292-416F-9E3D-BACCEACEC54B}"
EndProject
Project("{FAE04EC0-301F-11D3-BF4B-00C04F79EFBC}") = "MachineLearning.Tests", "tests\MachineLearning.Tests\MachineLearning.Tests.csproj", "{97A58A87-0248-48D6-901D-9607E9A0617F}"
EndProject
Global
	GlobalSection(SolutionConfigurationPlatforms) = preSolution
		Debug|Any CPU = Debug|Any CPU
		Release|Any CPU = Release|Any CPU
	EndGlobalSection
	GlobalSection(ProjectConfigurationPlatforms) = postSolution
		{6CBDCEAE-4364-487F-9CAB-4203BCCF2519}.Debug|Any CPU.ActiveCfg = Debug|Any CPU
		{6CBDCEAE-4364-487F-9CAB-4203BCCF2519}.Debug|Any CPU.Build.0 = Debug|Any CPU
		{6CBDCEAE-4364-487F-9CAB-4203BCCF2519}.Release|Any CPU.ActiveCfg = Release|Any CPU
		{6CBDCEAE-4364-487F-9CAB-4203BCCF2519}.Release|Any CPU.Build.0 = Release|Any CPU
		{3AAABE29-0A4E-4A22-9B14-0A5EF69A04BC}.Debug|Any CPU.ActiveCfg = Debug|Any CPU
		{3AAABE29-0A4E-4A22-9B14-0A5EF69A04BC}.Debug|Any CPU.Build.0 = Debug|Any CPU
		{3AAABE29-0A4E-4A22-9B14-0A5EF69A04BC}.Debug|Any CPU.Deploy.0 = Debug|Any CPU
		{3AAABE29-0A4E-4A22-9B14-0A5EF69A04BC}.Release|Any CPU.ActiveCfg = Release|Any CPU
		{3AAABE29-0A4E-4A22-9B14-0A5EF69A04BC}.Release|Any CPU.Build.0 = Release|Any CPU
		{3AAABE29-0A4E-4A22-9B14-0A5EF69A04BC}.Release|Any CPU.Deploy.0 = Release|Any CPU
		{9F691794-74D2-4EC9-8FAE-9B05C09BD22B}.Debug|Any CPU.ActiveCfg = Debug|Any CPU
		{9F691794-74D2-4EC9-8FAE-9B05C09BD22B}.Debug|Any CPU.Build.0 = Debug|Any CPU
		{9F691794-74D2-4EC9-8FAE-9B05C09BD22B}.Release|Any CPU.ActiveCfg = Release|Any CPU
		{9F691794-74D2-4EC9-8FAE-9B05C09BD22B}.Release|Any CPU.Build.0 = Release|Any CPU
		{311F7ECF-FB80-463B-AB85-7D6D05E4ACC7}.Debug|Any CPU.ActiveCfg = Debug|Any CPU
		{311F7ECF-FB80-463B-AB85-7D6D05E4ACC7}.Debug|Any CPU.Build.0 = Debug|Any CPU
		{311F7ECF-FB80-463B-AB85-7D6D05E4ACC7}.Debug|Any CPU.Deploy.0 = Debug|Any CPU
		{311F7ECF-FB80-463B-AB85-7D6D05E4ACC7}.Release|Any CPU.ActiveCfg = Release|Any CPU
		{311F7ECF-FB80-463B-AB85-7D6D05E4ACC7}.Release|Any CPU.Build.0 = Release|Any CPU
		{311F7ECF-FB80-463B-AB85-7D6D05E4ACC7}.Release|Any CPU.Deploy.0 = Release|Any CPU
		{FC5AF858-3095-449D-9442-CF0B536A384A}.Debug|Any CPU.ActiveCfg = Debug|Any CPU
		{FC5AF858-3095-449D-9442-CF0B536A384A}.Debug|Any CPU.Build.0 = Debug|Any CPU
		{FC5AF858-3095-449D-9442-CF0B536A384A}.Release|Any CPU.ActiveCfg = Release|Any CPU
		{FC5AF858-3095-449D-9442-CF0B536A384A}.Release|Any CPU.Build.0 = Release|Any CPU
		{920AD96A-CC79-4AD2-8861-797C82E511A3}.Debug|Any CPU.ActiveCfg = Debug|Any CPU
		{920AD96A-CC79-4AD2-8861-797C82E511A3}.Debug|Any CPU.Build.0 = Debug|Any CPU
		{920AD96A-CC79-4AD2-8861-797C82E511A3}.Release|Any CPU.ActiveCfg = Release|Any CPU
		{920AD96A-CC79-4AD2-8861-797C82E511A3}.Release|Any CPU.Build.0 = Release|Any CPU
		{924540AB-0454-4242-97BC-ACC398828B13}.Debug|Any CPU.ActiveCfg = Debug|Any CPU
		{924540AB-0454-4242-97BC-ACC398828B13}.Debug|Any CPU.Build.0 = Debug|Any CPU
		{924540AB-0454-4242-97BC-ACC398828B13}.Release|Any CPU.ActiveCfg = Release|Any CPU
		{924540AB-0454-4242-97BC-ACC398828B13}.Release|Any CPU.Build.0 = Release|Any CPU
		{97A58A87-0248-48D6-901D-9607E9A0617F}.Debug|Any CPU.ActiveCfg = Debug|Any CPU
		{97A58A87-0248-48D6-901D-9607E9A0617F}.Debug|Any CPU.Build.0 = Debug|Any CPU
		{97A58A87-0248-48D6-901D-9607E9A0617F}.Release|Any CPU.ActiveCfg = Release|Any CPU
		{97A58A87-0248-48D6-901D-9607E9A0617F}.Release|Any CPU.Build.0 = Release|Any CPU
	EndGlobalSection
	GlobalSection(SolutionProperties) = preSolution
		HideSolutionNode = FALSE
	EndGlobalSection
	GlobalSection(NestedProjects) = preSolution
		{6CBDCEAE-4364-487F-9CAB-4203BCCF2519} = {E722A83F-9412-4759-8057-07BE3E56569E}
		{3AAABE29-0A4E-4A22-9B14-0A5EF69A04BC} = {E722A83F-9412-4759-8057-07BE3E56569E}
		{9F691794-74D2-4EC9-8FAE-9B05C09BD22B} = {E722A83F-9412-4759-8057-07BE3E56569E}
		{311F7ECF-FB80-463B-AB85-7D6D05E4ACC7} = {E722A83F-9412-4759-8057-07BE3E56569E}
		{FC5AF858-3095-449D-9442-CF0B536A384A} = {E722A83F-9412-4759-8057-07BE3E56569E}
		{920AD96A-CC79-4AD2-8861-797C82E511A3} = {E722A83F-9412-4759-8057-07BE3E56569E}
		{924540AB-0454-4242-97BC-ACC398828B13} = {E722A83F-9412-4759-8057-07BE3E56569E}
		{97A58A87-0248-48D6-901D-9607E9A0617F} = {8C929736-0292-416F-9E3D-BACCEACEC54B}
	EndGlobalSection
	GlobalSection(ExtensibilityGlobals) = postSolution
		SolutionGuid = {D6F48335-2363-480B-8074-5FEEBEF6BA34}
	EndGlobalSection
EndGlobal
